// !$*UTF8*$!
{
	archiveVersion = 1;
	classes = {
	};
	objectVersion = 50;
	objects = {

/* Begin PBXBuildFile section */
		2616F4E1223217BE0042698C /* AppDelegate.m in Sources */ = {isa = PBXBuildFile; fileRef = 2616F4E0223217BE0042698C /* AppDelegate.m */; };
		2616F4E4223217BE0042698C /* ViewController.m in Sources */ = {isa = PBXBuildFile; fileRef = 2616F4E3223217BE0042698C /* ViewController.m */; };
		2616F4E7223217BE0042698C /* Main.storyboard in Resources */ = {isa = PBXBuildFile; fileRef = 2616F4E5223217BE0042698C /* Main.storyboard */; };
		2616F4E9223217C00042698C /* Assets.xcassets in Resources */ = {isa = PBXBuildFile; fileRef = 2616F4E8223217C00042698C /* Assets.xcassets */; };
		2616F4EC223217C00042698C /* LaunchScreen.storyboard in Resources */ = {isa = PBXBuildFile; fileRef = 2616F4EA223217C00042698C /* LaunchScreen.storyboard */; };
		2616F4EF223217C00042698C /* main.m in Sources */ = {isa = PBXBuildFile; fileRef = 2616F4EE223217C00042698C /* main.m */; };
		2616F4F9223217C10042698C /* ModuleATests.m in Sources */ = {isa = PBXBuildFile; fileRef = 2616F4F8223217C10042698C /* ModuleATests.m */; };
		2616F504223217C10042698C /* ModuleAUITests.m in Sources */ = {isa = PBXBuildFile; fileRef = 2616F503223217C10042698C /* ModuleAUITests.m */; };
		2616F516223217D80042698C /* Target_A.m in Sources */ = {isa = PBXBuildFile; fileRef = 2616F512223217D80042698C /* Target_A.m */; };
		2616F517223217D80042698C /* AViewController.m in Sources */ = {isa = PBXBuildFile; fileRef = 2616F513223217D80042698C /* AViewController.m */; };
		2AC16692E359FFDDDC1DCE6E /* libPods-ModuleAUITests.a in Frameworks */ = {isa = PBXBuildFile; fileRef = A489CB0669F67D93A16565A8 /* libPods-ModuleAUITests.a */; };
		428CB74FB632CEFFB8EB9EAE /* libPods-ModuleATests.a in Frameworks */ = {isa = PBXBuildFile; fileRef = B2D1452DD999C842B4381262 /* libPods-ModuleATests.a */; };
		937D96D882B87875AC604CE0 /* libPods-ModuleA.a in Frameworks */ = {isa = PBXBuildFile; fileRef = E3B76BD70E4F212CB4F3B936 /* libPods-ModuleA.a */; };
/* End PBXBuildFile section */

/* Begin PBXContainerItemProxy section */
		2616F4F5223217C10042698C /* PBXContainerItemProxy */ = {
			isa = PBXContainerItemProxy;
			containerPortal = 2616F4D4223217BE0042698C /* Project object */;
			proxyType = 1;
			remoteGlobalIDString = 2616F4DB223217BE0042698C;
			remoteInfo = ModuleA;
		};
		2616F500223217C10042698C /* PBXContainerItemProxy */ = {
			isa = PBXContainerItemProxy;
			containerPortal = 2616F4D4223217BE0042698C /* Project object */;
			proxyType = 1;
			remoteGlobalIDString = 2616F4DB223217BE0042698C;
			remoteInfo = ModuleA;
		};
/* End PBXContainerItemProxy section */

/* Begin PBXFileReference section */
		130E3035B09F3AF68072E6AC /* Pods-ModuleA.release.xcconfig */ = {isa = PBXFileReference; includeInIndex = 1; lastKnownFileType = text.xcconfig; name = "Pods-ModuleA.release.xcconfig"; path = "Pods/Target Support Files/Pods-ModuleA/Pods-ModuleA.release.xcconfig"; sourceTree = "<group>"; };
		1E97E0AE462E557FAB7F8058 /* Pods-ModuleATests.release.xcconfig */ = {isa = PBXFileReference; includeInIndex = 1; lastKnownFileType = text.xcconfig; name = "Pods-ModuleATests.release.xcconfig"; path = "Pods/Target Support Files/Pods-ModuleATests/Pods-ModuleATests.release.xcconfig"; sourceTree = "<group>"; };
		2616F4DC223217BE0042698C /* ModuleA.app */ = {isa = PBXFileReference; explicitFileType = wrapper.application; includeInIndex = 0; path = ModuleA.app; sourceTree = BUILT_PRODUCTS_DIR; };
		2616F4DF223217BE0042698C /* AppDelegate.h */ = {isa = PBXFileReference; lastKnownFileType = sourcecode.c.h; path = AppDelegate.h; sourceTree = "<group>"; };
		2616F4E0223217BE0042698C /* AppDelegate.m */ = {isa = PBXFileReference; lastKnownFileType = sourcecode.c.objc; path = AppDelegate.m; sourceTree = "<group>"; };
		2616F4E2223217BE0042698C /* ViewController.h */ = {isa = PBXFileReference; lastKnownFileType = sourcecode.c.h; path = ViewController.h; sourceTree = "<group>"; };
		2616F4E3223217BE0042698C /* ViewController.m */ = {isa = PBXFileReference; lastKnownFileType = sourcecode.c.objc; path = ViewController.m; sourceTree = "<group>"; };
		2616F4E6223217BE0042698C /* Base */ = {isa = PBXFileReference; lastKnownFileType = file.storyboard; name = Base; path = Base.lproj/Main.storyboard; sourceTree = "<group>"; };
		2616F4E8223217C00042698C /* Assets.xcassets */ = {isa = PBXFileReference; lastKnownFileType = folder.assetcatalog; path = Assets.xcassets; sourceTree = "<group>"; };
		2616F4EB223217C00042698C /* Base */ = {isa = PBXFileReference; lastKnownFileType = file.storyboard; name = Base; path = Base.lproj/LaunchScreen.storyboard; sourceTree = "<group>"; };
		2616F4ED223217C00042698C /* Info.plist */ = {isa = PBXFileReference; lastKnownFileType = text.plist.xml; path = Info.plist; sourceTree = "<group>"; };
		2616F4EE223217C00042698C /* main.m */ = {isa = PBXFileReference; lastKnownFileType = sourcecode.c.objc; path = main.m; sourceTree = "<group>"; };
		2616F4F4223217C10042698C /* ModuleATests.xctest */ = {isa = PBXFileReference; explicitFileType = wrapper.cfbundle; includeInIndex = 0; path = ModuleATests.xctest; sourceTree = BUILT_PRODUCTS_DIR; };
		2616F4F8223217C10042698C /* ModuleATests.m */ = {isa = PBXFileReference; lastKnownFileType = sourcecode.c.objc; path = ModuleATests.m; sourceTree = "<group>"; };
		2616F4FA223217C10042698C /* Info.plist */ = {isa = PBXFileReference; lastKnownFileType = text.plist.xml; path = Info.plist; sourceTree = "<group>"; };
		2616F4FF223217C10042698C /* ModuleAUITests.xctest */ = {isa = PBXFileReference; explicitFileType = wrapper.cfbundle; includeInIndex = 0; path = ModuleAUITests.xctest; sourceTree = BUILT_PRODUCTS_DIR; };
		2616F503223217C10042698C /* ModuleAUITests.m */ = {isa = PBXFileReference; lastKnownFileType = sourcecode.c.objc; path = ModuleAUITests.m; sourceTree = "<group>"; };
		2616F505223217C10042698C /* Info.plist */ = {isa = PBXFileReference; lastKnownFileType = text.plist.xml; path = Info.plist; sourceTree = "<group>"; };
		2616F512223217D80042698C /* Target_A.m */ = {isa = PBXFileReference; fileEncoding = 4; lastKnownFileType = sourcecode.c.objc; path = Target_A.m; sourceTree = "<group>"; };
		2616F513223217D80042698C /* AViewController.m */ = {isa = PBXFileReference; fileEncoding = 4; lastKnownFileType = sourcecode.c.objc; path = AViewController.m; sourceTree = "<group>"; };
		2616F514223217D80042698C /* AViewController.h */ = {isa = PBXFileReference; fileEncoding = 4; lastKnownFileType = sourcecode.c.h; path = AViewController.h; sourceTree = "<group>"; };
		2616F515223217D80042698C /* Target_A.h */ = {isa = PBXFileReference; fileEncoding = 4; lastKnownFileType = sourcecode.c.h; path = Target_A.h; sourceTree = "<group>"; };
		50AE5003E5D14B483E2F7192 /* Pods-ModuleATests.debug.xcconfig */ = {isa = PBXFileReference; includeInIndex = 1; lastKnownFileType = text.xcconfig; name = "Pods-ModuleATests.debug.xcconfig"; path = "Pods/Target Support Files/Pods-ModuleATests/Pods-ModuleATests.debug.xcconfig"; sourceTree = "<group>"; };
		79235541835E0B92356B6D50 /* Pods-ModuleAUITests.debug.xcconfig */ = {isa = PBXFileReference; includeInIndex = 1; lastKnownFileType = text.xcconfig; name = "Pods-ModuleAUITests.debug.xcconfig"; path = "Pods/Target Support Files/Pods-ModuleAUITests/Pods-ModuleAUITests.debug.xcconfig"; sourceTree = "<group>"; };
		9A9C7760097E641B9B4CC003 /* Pods-ModuleAUITests.release.xcconfig */ = {isa = PBXFileReference; includeInIndex = 1; lastKnownFileType = text.xcconfig; name = "Pods-ModuleAUITests.release.xcconfig"; path = "Pods/Target Support Files/Pods-ModuleAUITests/Pods-ModuleAUITests.release.xcconfig"; sourceTree = "<group>"; };
		A489CB0669F67D93A16565A8 /* libPods-ModuleAUITests.a */ = {isa = PBXFileReference; explicitFileType = archive.ar; includeInIndex = 0; path = "libPods-ModuleAUITests.a"; sourceTree = BUILT_PRODUCTS_DIR; };
		B2D1452DD999C842B4381262 /* libPods-ModuleATests.a */ = {isa = PBXFileReference; explicitFileType = archive.ar; includeInIndex = 0; path = "libPods-ModuleATests.a"; sourceTree = BUILT_PRODUCTS_DIR; };
		D2A521D1674C831FE7187736 /* Pods-ModuleA.debug.xcconfig */ = {isa = PBXFileReference; includeInIndex = 1; lastKnownFileType = text.xcconfig; name = "Pods-ModuleA.debug.xcconfig"; path = "Pods/Target Support Files/Pods-ModuleA/Pods-ModuleA.debug.xcconfig"; sourceTree = "<group>"; };
		E3B76BD70E4F212CB4F3B936 /* libPods-ModuleA.a */ = {isa = PBXFileReference; explicitFileType = archive.ar; includeInIndex = 0; path = "libPods-ModuleA.a"; sourceTree = BUILT_PRODUCTS_DIR; };
/* End PBXFileReference section */

/* Begin PBXFrameworksBuildPhase section */
		2616F4D9223217BE0042698C /* Frameworks */ = {
			isa = PBXFrameworksBuildPhase;
			buildActionMask = 2147483647;
			files = (
				937D96D882B87875AC604CE0 /* libPods-ModuleA.a in Frameworks */,
			);
			runOnlyForDeploymentPostprocessing = 0;
		};
		2616F4F1223217C10042698C /* Frameworks */ = {
			isa = PBXFrameworksBuildPhase;
			buildActionMask = 2147483647;
			files = (
				428CB74FB632CEFFB8EB9EAE /* libPods-ModuleATests.a in Frameworks */,
			);
			runOnlyForDeploymentPostprocessing = 0;
		};
		2616F4FC223217C10042698C /* Frameworks */ = {
			isa = PBXFrameworksBuildPhase;
			buildActionMask = 2147483647;
			files = (
				2AC16692E359FFDDDC1DCE6E /* libPods-ModuleAUITests.a in Frameworks */,
			);
			runOnlyForDeploymentPostprocessing = 0;
		};
/* End PBXFrameworksBuildPhase section */

/* Begin PBXGroup section */
		2616F4D3223217BE0042698C = {
			isa = PBXGroup;
			children = (
				2616F511223217D80042698C /* Classes */,
				2616F4DE223217BE0042698C /* ModuleA */,
				2616F4F7223217C10042698C /* ModuleATests */,
				2616F502223217C10042698C /* ModuleAUITests */,
				2616F4DD223217BE0042698C /* Products */,
				D323DB74EA2120AC280D6768 /* Pods */,
				7099D46E6AF0D0BDE5F9FE0E /* Frameworks */,
			);
			sourceTree = "<group>";
		};
		2616F4DD223217BE0042698C /* Products */ = {
			isa = PBXGroup;
			children = (
				2616F4DC223217BE0042698C /* ModuleA.app */,
				2616F4F4223217C10042698C /* ModuleATests.xctest */,
				2616F4FF223217C10042698C /* ModuleAUITests.xctest */,
			);
			name = Products;
			sourceTree = "<group>";
		};
		2616F4DE223217BE0042698C /* ModuleA */ = {
			isa = PBXGroup;
			children = (
				2616F4DF223217BE0042698C /* AppDelegate.h */,
				2616F4E0223217BE0042698C /* AppDelegate.m */,
				2616F4E2223217BE0042698C /* ViewController.h */,
				2616F4E3223217BE0042698C /* ViewController.m */,
				2616F4E5223217BE0042698C /* Main.storyboard */,
				2616F4E8223217C00042698C /* Assets.xcassets */,
				2616F4EA223217C00042698C /* LaunchScreen.storyboard */,
				2616F4ED223217C00042698C /* Info.plist */,
				2616F4EE223217C00042698C /* main.m */,
			);
			path = ModuleA;
			sourceTree = "<group>";
		};
		2616F4F7223217C10042698C /* ModuleATests */ = {
			isa = PBXGroup;
			children = (
				2616F4F8223217C10042698C /* ModuleATests.m */,
				2616F4FA223217C10042698C /* Info.plist */,
			);
			path = ModuleATests;
			sourceTree = "<group>";
		};
		2616F502223217C10042698C /* ModuleAUITests */ = {
			isa = PBXGroup;
			children = (
				2616F503223217C10042698C /* ModuleAUITests.m */,
				2616F505223217C10042698C /* Info.plist */,
			);
			path = ModuleAUITests;
			sourceTree = "<group>";
		};
		2616F511223217D80042698C /* Classes */ = {
			isa = PBXGroup;
			children = (
				2616F512223217D80042698C /* Target_A.m */,
				2616F513223217D80042698C /* AViewController.m */,
				2616F514223217D80042698C /* AViewController.h */,
				2616F515223217D80042698C /* Target_A.h */,
			);
			name = Classes;
			path = ../Classes;
			sourceTree = "<group>";
		};
		7099D46E6AF0D0BDE5F9FE0E /* Frameworks */ = {
			isa = PBXGroup;
			children = (
				E3B76BD70E4F212CB4F3B936 /* libPods-ModuleA.a */,
				B2D1452DD999C842B4381262 /* libPods-ModuleATests.a */,
				A489CB0669F67D93A16565A8 /* libPods-ModuleAUITests.a */,
			);
			name = Frameworks;
			sourceTree = "<group>";
		};
		D323DB74EA2120AC280D6768 /* Pods */ = {
			isa = PBXGroup;
			children = (
				D2A521D1674C831FE7187736 /* Pods-ModuleA.debug.xcconfig */,
				130E3035B09F3AF68072E6AC /* Pods-ModuleA.release.xcconfig */,
				50AE5003E5D14B483E2F7192 /* Pods-ModuleATests.debug.xcconfig */,
				1E97E0AE462E557FAB7F8058 /* Pods-ModuleATests.release.xcconfig */,
				79235541835E0B92356B6D50 /* Pods-ModuleAUITests.debug.xcconfig */,
				9A9C7760097E641B9B4CC003 /* Pods-ModuleAUITests.release.xcconfig */,
			);
			name = Pods;
			sourceTree = "<group>";
		};
/* End PBXGroup section */

/* Begin PBXNativeTarget section */
		2616F4DB223217BE0042698C /* ModuleA */ = {
			isa = PBXNativeTarget;
			buildConfigurationList = 2616F508223217C10042698C /* Build configuration list for PBXNativeTarget "ModuleA" */;
			buildPhases = (
				5BFF4EE5DF03C135CDFECE1A /* [CP] Check Pods Manifest.lock */,
				2616F4D8223217BE0042698C /* Sources */,
				2616F4D9223217BE0042698C /* Frameworks */,
				2616F4DA223217BE0042698C /* Resources */,
			);
			buildRules = (
			);
			dependencies = (
			);
			name = ModuleA;
			productName = ModuleA;
			productReference = 2616F4DC223217BE0042698C /* ModuleA.app */;
			productType = "com.apple.product-type.application";
		};
		2616F4F3223217C10042698C /* ModuleATests */ = {
			isa = PBXNativeTarget;
			buildConfigurationList = 2616F50B223217C10042698C /* Build configuration list for PBXNativeTarget "ModuleATests" */;
			buildPhases = (
				98DD10136020D662E2C20739 /* [CP] Check Pods Manifest.lock */,
				2616F4F0223217C10042698C /* Sources */,
				2616F4F1223217C10042698C /* Frameworks */,
				2616F4F2223217C10042698C /* Resources */,
			);
			buildRules = (
			);
			dependencies = (
				2616F4F6223217C10042698C /* PBXTargetDependency */,
			);
			name = ModuleATests;
			productName = ModuleATests;
			productReference = 2616F4F4223217C10042698C /* ModuleATests.xctest */;
			productType = "com.apple.product-type.bundle.unit-test";
		};
		2616F4FE223217C10042698C /* ModuleAUITests */ = {
			isa = PBXNativeTarget;
			buildConfigurationList = 2616F50E223217C10042698C /* Build configuration list for PBXNativeTarget "ModuleAUITests" */;
			buildPhases = (
				A7F29DB85899C620370569B0 /* [CP] Check Pods Manifest.lock */,
				2616F4FB223217C10042698C /* Sources */,
				2616F4FC223217C10042698C /* Frameworks */,
				2616F4FD223217C10042698C /* Resources */,
			);
			buildRules = (
			);
			dependencies = (
				2616F501223217C10042698C /* PBXTargetDependency */,
			);
			name = ModuleAUITests;
			productName = ModuleAUITests;
			productReference = 2616F4FF223217C10042698C /* ModuleAUITests.xctest */;
			productType = "com.apple.product-type.bundle.ui-testing";
		};
/* End PBXNativeTarget section */

/* Begin PBXProject section */
		2616F4D4223217BE0042698C /* Project object */ = {
			isa = PBXProject;
			attributes = {
				LastUpgradeCheck = 1010;
				ORGANIZATIONNAME = byj;
				TargetAttributes = {
					2616F4DB223217BE0042698C = {
						CreatedOnToolsVersion = 10.1;
					};
					2616F4F3223217C10042698C = {
						CreatedOnToolsVersion = 10.1;
						TestTargetID = 2616F4DB223217BE0042698C;
					};
					2616F4FE223217C10042698C = {
						CreatedOnToolsVersion = 10.1;
						TestTargetID = 2616F4DB223217BE0042698C;
					};
				};
			};
			buildConfigurationList = 2616F4D7223217BE0042698C /* Build configuration list for PBXProject "ModuleA" */;
			compatibilityVersion = "Xcode 9.3";
			developmentRegion = en;
			hasScannedForEncodings = 0;
			knownRegions = (
				en,
				Base,
			);
			mainGroup = 2616F4D3223217BE0042698C;
			productRefGroup = 2616F4DD223217BE0042698C /* Products */;
			projectDirPath = "";
			projectRoot = "";
			targets = (
				2616F4DB223217BE0042698C /* ModuleA */,
				2616F4F3223217C10042698C /* ModuleATests */,
				2616F4FE223217C10042698C /* ModuleAUITests */,
			);
		};
/* End PBXProject section */

/* Begin PBXResourcesBuildPhase section */
		2616F4DA223217BE0042698C /* Resources */ = {
			isa = PBXResourcesBuildPhase;
			buildActionMask = 2147483647;
			files = (
				2616F4EC223217C00042698C /* LaunchScreen.storyboard in Resources */,
				2616F4E9223217C00042698C /* Assets.xcassets in Resources */,
				2616F4E7223217BE0042698C /* Main.storyboard in Resources */,
			);
			runOnlyForDeploymentPostprocessing = 0;
		};
		2616F4F2223217C10042698C /* Resources */ = {
			isa = PBXResourcesBuildPhase;
			buildActionMask = 2147483647;
			files = (
			);
			runOnlyForDeploymentPostprocessing = 0;
		};
		2616F4FD223217C10042698C /* Resources */ = {
			isa = PBXResourcesBuildPhase;
			buildActionMask = 2147483647;
			files = (
			);
			runOnlyForDeploymentPostprocessing = 0;
		};
/* End PBXResourcesBuildPhase section */

/* Begin PBXShellScriptBuildPhase section */
		5BFF4EE5DF03C135CDFECE1A /* [CP] Check Pods Manifest.lock */ = {
			isa = PBXShellScriptBuildPhase;
			buildActionMask = 2147483647;
			files = (
			);
			inputFileListPaths = (
			);
			inputPaths = (
				"${PODS_PODFILE_DIR_PATH}/Podfile.lock",
				"${PODS_ROOT}/Manifest.lock",
			);
			name = "[CP] Check Pods Manifest.lock";
			outputFileListPaths = (
			);
			outputPaths = (
				"$(DERIVED_FILE_DIR)/Pods-ModuleA-checkManifestLockResult.txt",
			);
			runOnlyForDeploymentPostprocessing = 0;
			shellPath = /bin/sh;
			shellScript = "diff \"${PODS_PODFILE_DIR_PATH}/Podfile.lock\" \"${PODS_ROOT}/Manifest.lock\" > /dev/null\nif [ $? != 0 ] ; then\n    # print error to STDERR\n    echo \"error: The sandbox is not in sync with the Podfile.lock. Run 'pod install' or update your CocoaPods installation.\" >&2\n    exit 1\nfi\n# This output is used by Xcode 'outputs' to avoid re-running this script phase.\necho \"SUCCESS\" > \"${SCRIPT_OUTPUT_FILE_0}\"\n";
			showEnvVarsInLog = 0;
		};
		98DD10136020D662E2C20739 /* [CP] Check Pods Manifest.lock */ = {
			isa = PBXShellScriptBuildPhase;
			buildActionMask = 2147483647;
			files = (
			);
			inputFileListPaths = (
			);
			inputPaths = (
				"${PODS_PODFILE_DIR_PATH}/Podfile.lock",
				"${PODS_ROOT}/Manifest.lock",
			);
			name = "[CP] Check Pods Manifest.lock";
			outputFileListPaths = (
			);
			outputPaths = (
				"$(DERIVED_FILE_DIR)/Pods-ModuleATests-checkManifestLockResult.txt",
			);
			runOnlyForDeploymentPostprocessing = 0;
			shellPath = /bin/sh;
			shellScript = "diff \"${PODS_PODFILE_DIR_PATH}/Podfile.lock\" \"${PODS_ROOT}/Manifest.lock\" > /dev/null\nif [ $? != 0 ] ; then\n    # print error to STDERR\n    echo \"error: The sandbox is not in sync with the Podfile.lock. Run 'pod install' or update your CocoaPods installation.\" >&2\n    exit 1\nfi\n# This output is used by Xcode 'outputs' to avoid re-running this script phase.\necho \"SUCCESS\" > \"${SCRIPT_OUTPUT_FILE_0}\"\n";
			showEnvVarsInLog = 0;
		};
		A7F29DB85899C620370569B0 /* [CP] Check Pods Manifest.lock */ = {
			isa = PBXShellScriptBuildPhase;
			buildActionMask = 2147483647;
			files = (
			);
			inputFileListPaths = (
			);
			inputPaths = (
				"${PODS_PODFILE_DIR_PATH}/Podfile.lock",
				"${PODS_ROOT}/Manifest.lock",
			);
			name = "[CP] Check Pods Manifest.lock";
			outputFileListPaths = (
			);
			outputPaths = (
				"$(DERIVED_FILE_DIR)/Pods-ModuleAUITests-checkManifestLockResult.txt",
			);
			runOnlyForDeploymentPostprocessing = 0;
			shellPath = /bin/sh;
			shellScript = "diff \"${PODS_PODFILE_DIR_PATH}/Podfile.lock\" \"${PODS_ROOT}/Manifest.lock\" > /dev/null\nif [ $? != 0 ] ; then\n    # print error to STDERR\n    echo \"error: The sandbox is not in sync with the Podfile.lock. Run 'pod install' or update your CocoaPods installation.\" >&2\n    exit 1\nfi\n# This output is used by Xcode 'outputs' to avoid re-running this script phase.\necho \"SUCCESS\" > \"${SCRIPT_OUTPUT_FILE_0}\"\n";
			showEnvVarsInLog = 0;
		};
/* End PBXShellScriptBuildPhase section */

/* Begin PBXSourcesBuildPhase section */
		2616F4D8223217BE0042698C /* Sources */ = {
			isa = PBXSourcesBuildPhase;
			buildActionMask = 2147483647;
			files = (
				2616F516223217D80042698C /* Target_A.m in Sources */,
				2616F517223217D80042698C /* AViewController.m in Sources */,
				2616F4E4223217BE0042698C /* ViewController.m in Sources */,
				2616F4EF223217C00042698C /* main.m in Sources */,
				2616F4E1223217BE0042698C /* AppDelegate.m in Sources */,
			);
			runOnlyForDeploymentPostprocessing = 0;
		};
		2616F4F0223217C10042698C /* Sources */ = {
			isa = PBXSourcesBuildPhase;
			buildActionMask = 2147483647;
			files = (
				2616F4F9223217C10042698C /* ModuleATests.m in Sources */,
			);
			runOnlyForDeploymentPostprocessing = 0;
		};
		2616F4FB223217C10042698C /* Sources */ = {
			isa = PBXSourcesBuildPhase;
			buildActionMask = 2147483647;
			files = (
				2616F504223217C10042698C /* ModuleAUITests.m in Sources */,
			);
			runOnlyForDeploymentPostprocessing = 0;
		};
/* End PBXSourcesBuildPhase section */

/* Begin PBXTargetDependency section */
		2616F4F6223217C10042698C /* PBXTargetDependency */ = {
			isa = PBXTargetDependency;
			target = 2616F4DB223217BE0042698C /* ModuleA */;
			targetProxy = 2616F4F5223217C10042698C /* PBXContainerItemProxy */;
		};
		2616F501223217C10042698C /* PBXTargetDependency */ = {
			isa = PBXTargetDependency;
			target = 2616F4DB223217BE0042698C /* ModuleA */;
			targetProxy = 2616F500223217C10042698C /* PBXContainerItemProxy */;
		};
/* End PBXTargetDependency section */

/* Begin PBXVariantGroup section */
		2616F4E5223217BE0042698C /* Main.storyboard */ = {
			isa = PBXVariantGroup;
			children = (
				2616F4E6223217BE0042698C /* Base */,
			);
			name = Main.storyboard;
			sourceTree = "<group>";
		};
		2616F4EA223217C00042698C /* LaunchScreen.storyboard */ = {
			isa = PBXVariantGroup;
			children = (
				2616F4EB223217C00042698C /* Base */,
			);
			name = LaunchScreen.storyboard;
			sourceTree = "<group>";
		};
/* End PBXVariantGroup section */

/* Begin XCBuildConfiguration section */
		2616F506223217C10042698C /* Debug */ = {
			isa = XCBuildConfiguration;
			buildSettings = {
				ALWAYS_SEARCH_USER_PATHS = NO;
				CLANG_ANALYZER_NONNULL = YES;
				CLANG_ANALYZER_NUMBER_OBJECT_CONVERSION = YES_AGGRESSIVE;
				CLANG_CXX_LANGUAGE_STANDARD = "gnu++14";
				CLANG_CXX_LIBRARY = "libc++";
				CLANG_ENABLE_MODULES = YES;
				CLANG_ENABLE_OBJC_ARC = YES;
				CLANG_ENABLE_OBJC_WEAK = YES;
				CLANG_WARN_BLOCK_CAPTURE_AUTORELEASING = YES;
				CLANG_WARN_BOOL_CONVERSION = YES;
				CLANG_WARN_COMMA = YES;
				CLANG_WARN_CONSTANT_CONVERSION = YES;
				CLANG_WARN_DEPRECATED_OBJC_IMPLEMENTATIONS = YES;
				CLANG_WARN_DIRECT_OBJC_ISA_USAGE = YES_ERROR;
				CLANG_WARN_DOCUMENTATION_COMMENTS = YES;
				CLANG_WARN_EMPTY_BODY = YES;
				CLANG_WARN_ENUM_CONVERSION = YES;
				CLANG_WARN_INFINITE_RECURSION = YES;
				CLANG_WARN_INT_CONVERSION = YES;
				CLANG_WARN_NON_LITERAL_NULL_CONVERSION = YES;
				CLANG_WARN_OBJC_IMPLICIT_RETAIN_SELF = YES;
				CLANG_WARN_OBJC_LITERAL_CONVERSION = YES;
				CLANG_WARN_OBJC_ROOT_CLASS = YES_ERROR;
				CLANG_WARN_RANGE_LOOP_ANALYSIS = YES;
				CLANG_WARN_STRICT_PROTOTYPES = YES;
				CLANG_WARN_SUSPICIOUS_MOVE = YES;
				CLANG_WARN_UNGUARDED_AVAILABILITY = YES_AGGRESSIVE;
				CLANG_WARN_UNREACHABLE_CODE = YES;
				CLANG_WARN__DUPLICATE_METHOD_MATCH = YES;
				CODE_SIGN_IDENTITY = "iPhone Developer";
				COPY_PHASE_STRIP = NO;
				DEBUG_INFORMATION_FORMAT = dwarf;
				ENABLE_STRICT_OBJC_MSGSEND = YES;
				ENABLE_TESTABILITY = YES;
				GCC_C_LANGUAGE_STANDARD = gnu11;
				GCC_DYNAMIC_NO_PIC = NO;
				GCC_NO_COMMON_BLOCKS = YES;
				GCC_OPTIMIZATION_LEVEL = 0;
				GCC_PREPROCESSOR_DEFINITIONS = (
					"DEBUG=1",
					"$(inherited)",
				);
				GCC_WARN_64_TO_32_BIT_CONVERSION = YES;
				GCC_WARN_ABOUT_RETURN_TYPE = YES_ERROR;
				GCC_WARN_UNDECLARED_SELECTOR = YES;
				GCC_WARN_UNINITIALIZED_AUTOS = YES_AGGRESSIVE;
				GCC_WARN_UNUSED_FUNCTION = YES;
				GCC_WARN_UNUSED_VARIABLE = YES;
				IPHONEOS_DEPLOYMENT_TARGET = 12.1;
				MTL_ENABLE_DEBUG_INFO = INCLUDE_SOURCE;
				MTL_FAST_MATH = YES;
				ONLY_ACTIVE_ARCH = YES;
				SDKROOT = iphoneos;
			};
			name = Debug;
		};
		2616F507223217C10042698C /* Release */ = {
			isa = XCBuildConfiguration;
			buildSettings = {
				ALWAYS_SEARCH_USER_PATHS = NO;
				CLANG_ANALYZER_NONNULL = YES;
				CLANG_ANALYZER_NUMBER_OBJECT_CONVERSION = YES_AGGRESSIVE;
				CLANG_CXX_LANGUAGE_STANDARD = "gnu++14";
				CLANG_CXX_LIBRARY = "libc++";
				CLANG_ENABLE_MODULES = YES;
				CLANG_ENABLE_OBJC_ARC = YES;
				CLANG_ENABLE_OBJC_WEAK = YES;
				CLANG_WARN_BLOCK_CAPTURE_AUTORELEASING = YES;
				CLANG_WARN_BOOL_CONVERSION = YES;
				CLANG_WARN_COMMA = YES;
				CLANG_WARN_CONSTANT_CONVERSION = YES;
				CLANG_WARN_DEPRECATED_OBJC_IMPLEMENTATIONS = YES;
				CLANG_WARN_DIRECT_OBJC_ISA_USAGE = YES_ERROR;
				CLANG_WARN_DOCUMENTATION_COMMENTS = YES;
				CLANG_WARN_EMPTY_BODY = YES;
				CLANG_WARN_ENUM_CONVERSION = YES;
				CLANG_WARN_INFINITE_RECURSION = YES;
				CLANG_WARN_INT_CONVERSION = YES;
				CLANG_WARN_NON_LITERAL_NULL_CONVERSION = YES;
				CLANG_WARN_OBJC_IMPLICIT_RETAIN_SELF = YES;
				CLANG_WARN_OBJC_LITERAL_CONVERSION = YES;
				CLANG_WARN_OBJC_ROOT_CLASS = YES_ERROR;
				CLANG_WARN_RANGE_LOOP_ANALYSIS = YES;
				CLANG_WARN_STRICT_PROTOTYPES = YES;
				CLANG_WARN_SUSPICIOUS_MOVE = YES;
				CLANG_WARN_UNGUARDED_AVAILABILITY = YES_AGGRESSIVE;
				CLANG_WARN_UNREACHABLE_CODE = YES;
				CLANG_WARN__DUPLICATE_METHOD_MATCH = YES;
				CODE_SIGN_IDENTITY = "iPhone Developer";
				COPY_PHASE_STRIP = NO;
				DEBUG_INFORMATION_FORMAT = "dwarf-with-dsym";
				ENABLE_NS_ASSERTIONS = NO;
				ENABLE_STRICT_OBJC_MSGSEND = YES;
				GCC_C_LANGUAGE_STANDARD = gnu11;
				GCC_NO_COMMON_BLOCKS = YES;
				GCC_WARN_64_TO_32_BIT_CONVERSION = YES;
				GCC_WARN_ABOUT_RETURN_TYPE = YES_ERROR;
				GCC_WARN_UNDECLARED_SELECTOR = YES;
				GCC_WARN_UNINITIALIZED_AUTOS = YES_AGGRESSIVE;
				GCC_WARN_UNUSED_FUNCTION = YES;
				GCC_WARN_UNUSED_VARIABLE = YES;
				IPHONEOS_DEPLOYMENT_TARGET = 12.1;
				MTL_ENABLE_DEBUG_INFO = NO;
				MTL_FAST_MATH = YES;
				SDKROOT = iphoneos;
				VALIDATE_PRODUCT = YES;
			};
			name = Release;
		};
		2616F509223217C10042698C /* Debug */ = {
			isa = XCBuildConfiguration;
			baseConfigurationReference = D2A521D1674C831FE7187736 /* Pods-ModuleA.debug.xcconfig */;
			buildSettings = {
				ASSETCATALOG_COMPILER_APPICON_NAME = AppIcon;
				CODE_SIGN_STYLE = Automatic;
				INFOPLIST_FILE = ModuleA/Info.plist;
				LD_RUNPATH_SEARCH_PATHS = (
					"$(inherited)",
					"@executable_path/Frameworks",
				);
				PRODUCT_BUNDLE_IDENTIFIER = byj.ModuleA;
				PRODUCT_NAME = "$(TARGET_NAME)";
				TARGETED_DEVICE_FAMILY = "1,2";
			};
			name = Debug;
		};
		2616F50A223217C10042698C /* Release */ = {
			isa = XCBuildConfiguration;
			baseConfigurationReference = 130E3035B09F3AF68072E6AC /* Pods-ModuleA.release.xcconfig */;
			buildSettings = {
				ASSETCATALOG_COMPILER_APPICON_NAME = AppIcon;
				CODE_SIGN_STYLE = Automatic;
				INFOPLIST_FILE = ModuleA/Info.plist;
				LD_RUNPATH_SEARCH_PATHS = (
					"$(inherited)",
					"@executable_path/Frameworks",
				);
				PRODUCT_BUNDLE_IDENTIFIER = byj.ModuleA;
				PRODUCT_NAME = "$(TARGET_NAME)";
				TARGETED_DEVICE_FAMILY = "1,2";
			};
			name = Release;
		};
		2616F50C223217C10042698C /* Debug */ = {
			isa = XCBuildConfiguration;
			baseConfigurationReference = 50AE5003E5D14B483E2F7192 /* Pods-ModuleATests.debug.xcconfig */;
			buildSettings = {
				BUNDLE_LOADER = "$(TEST_HOST)";
				CODE_SIGN_STYLE = Automatic;
				INFOPLIST_FILE = ModuleATests/Info.plist;
				LD_RUNPATH_SEARCH_PATHS = (
					"$(inherited)",
					"@executable_path/Frameworks",
					"@loader_path/Frameworks",
				);
				PRODUCT_BUNDLE_IDENTIFIER = byj.ModuleATests;
				PRODUCT_NAME = "$(TARGET_NAME)";
				TARGETED_DEVICE_FAMILY = "1,2";
				TEST_HOST = "$(BUILT_PRODUCTS_DIR)/ModuleA.app/ModuleA";
			};
			name = Debug;
		};
		2616F50D223217C10042698C /* Release */ = {
			isa = XCBuildConfiguration;
			baseConfigurationReference = 1E97E0AE462E557FAB7F8058 /* Pods-ModuleATests.release.xcconfig */;
			buildSettings = {
				BUNDLE_LOADER = "$(TEST_HOST)";
				CODE_SIGN_STYLE = Automatic;
				INFOPLIST_FILE = ModuleATests/Info.plist;
				LD_RUNPATH_SEARCH_PATHS = (
					"$(inherited)",
					"@executable_path/Frameworks",
					"@loader_path/Frameworks",
				);
				PRODUCT_BUNDLE_IDENTIFIER = byj.ModuleATests;
				PRODUCT_NAME = "$(TARGET_NAME)";
				TARGETED_DEVICE_FAMILY = "1,2";
				TEST_HOST = "$(BUILT_PRODUCTS_DIR)/ModuleA.app/ModuleA";
			};
			name = Release;
		};
		2616F50F223217C10042698C /* Debug */ = {
			isa = XCBuildConfiguration;
			baseConfigurationReference = 79235541835E0B92356B6D50 /* Pods-ModuleAUITests.debug.xcconfig */;
			buildSettings = {
				CODE_SIGN_STYLE = Automatic;
				INFOPLIST_FILE = ModuleAUITests/Info.plist;
				LD_RUNPATH_SEARCH_PATHS = (
					"$(inherited)",
					"@executable_path/Frameworks",
					"@loader_path/Frameworks",
				);
				PRODUCT_BUNDLE_IDENTIFIER = byj.ModuleAUITests;
				PRODUCT_NAME = "$(TARGET_NAME)";
				TARGETED_DEVICE_FAMILY = "1,2";
				TEST_TARGET_NAME = ModuleA;
			};
			name = Debug;
		};
		2616F510223217C10042698C /* Release */ = {
			isa = XCBuildConfiguration;
			baseConfigurationReference = 9A9C7760097E641B9B4CC003 /* Pods-ModuleAUITests.release.xcconfig */;
			buildSettings = {
				CODE_SIGN_STYLE = Automatic;
				INFOPLIST_FILE = ModuleAUITests/Info.plist;
				LD_RUNPATH_SEARCH_PATHS = (
					"$(inherited)",
					"@executable_path/Frameworks",
					"@loader_path/Frameworks",
				);
				PRODUCT_BUNDLE_IDENTIFIER = byj.ModuleAUITests;
				PRODUCT_NAME = "$(TARGET_NAME)";
				TARGETED_DEVICE_FAMILY = "1,2";
				TEST_TARGET_NAME = ModuleA;
			};
			name = Release;
		};
/* End XCBuildConfiguration section */

/* Begin XCConfigurationList section */
		2616F4D7223217BE0042698C /* Build configuration list for PBXProject "ModuleA" */ = {
			isa = XCConfigurationList;
			buildConfigurations = (
				2616F506223217C10042698C /* Debug */,
				2616F507223217C10042698C /* Release */,
			);
			defaultConfigurationIsVisible = 0;
			defaultConfigurationName = Release;
		};
		2616F508223217C10042698C /* Build configuration list for PBXNativeTarget "ModuleA" */ = {
			isa = XCConfigurationList;
			buildConfigurations = (
				2616F509223217C10042698C /* Debug */,
				2616F50A223217C10042698C /* Release */,
			);
			defaultConfigurationIsVisible = 0;
			defaultConfigurationName = Release;
		};
		2616F50B223217C10042698C /* Build configuration list for PBXNativeTarget "ModuleATests" */ = {
			isa = XCConfigurationList;
			buildConfigurations = (
				2616F50C223217C10042698C /* Debug */,
				2616F50D223217C10042698C /* Release */,
			);
			defaultConfigurationIsVisible = 0;
			defaultConfigurationName = Release;
		};
		2616F50E223217C10042698C /* Build configuration list for PBXNativeTarget "ModuleAUITests" */ = {
			isa = XCConfigurationList;
			buildConfigurations = (
				2616F50F223217C10042698C /* Debug */,
				2616F510223217C10042698C /* Release */,
			);
			defaultConfigurationIsVisible = 0;
			defaultConfigurationName = Release;
		};
/* End XCConfigurationList section */
	};
	rootObject = 2616F4D4223217BE0042698C /* Project object */;
}
